
Microsoft Visual Studio Solution File, Format Version 12.00
# Visual Studio Version 16
VisualStudioVersion = 16.0.32428.217
MinimumVisualStudioVersion = 10.0.40219.1
Project("{FAE04EC0-301F-11D3-BF4B-00C04F79EFBC}") = "Courseeee", "Courseeee\Courseeee.csproj", "{50A9C9B6-1118-412B-A7D4-54232131A378}"
EndProject
Global
	GlobalSection(SolutionConfigurationPlatforms) = preSolution
		Debug|Any CPU = Debug|Any CPU
		Release|Any CPU = Release|Any CPU
	EndGlobalSection
	GlobalSection(ProjectConfigurationPlatforms) = postSolution
		{50A9C9B6-1118-412B-A7D4-54232131A378}.Debug|Any CPU.ActiveCfg = Debug|Any CPU
		{50A9C9B6-1118-412B-A7D4-54232131A378}.Debug|Any CPU.Build.0 = Debug|Any CPU
		{50A9C9B6-1118-412B-A7D4-54232131A378}.Release|Any CPU.ActiveCfg = Release|Any CPU
		{50A9C9B6-1118-412B-A7D4-54232131A378}.Release|Any CPU.Build.0 = Release|Any CPU
	EndGlobalSection
	GlobalSection(SolutionProperties) = preSolution
		HideSolutionNode = FALSE
	EndGlobalSection
	GlobalSection(ExtensibilityGlobals) = postSolution
		SolutionGuid = {BC0AE02C-96B7-4463-83BC-C09E5DDB009F}
	EndGlobalSection
EndGlobal
